<?xml version="1.0" encoding="utf-8"?>
<Project ToolsVersion="4.0" xmlns="http://schemas.microsoft.com/developer/msbuild/2003">
  <ItemGroup>
    <Filter Include="Source Files">
      <UniqueIdentifier>{4FC737F1-C7A5-4376-A066-2A32D752A2FF}</UniqueIdentifier>
      <Extensions>cpp;c;cc;cxx;c++;cppm;ixx;def;odl;idl;hpj;bat;asm;asmx</Extensions>
    </Filter>
    <Filter Include="Header Files">
      <UniqueIdentifier>{93995380-89BD-4b04-88EB-625FBE52EBFB}</UniqueIdentifier>
      <Extensions>h;hh;hpp;hxx;h++;hm;inl;inc;ipp;xsd</Extensions>
    </Filter>
    <Filter Include="Resource Files">
      <UniqueIdentifier>{67DA6AB6-F800-4c08-8B7A-83BB121AAD01}</UniqueIdentifier>
      <Extensions>rc;ico;cur;bmp;dlg;rc2;rct;bin;rgs;gif;jpg;jpeg;jpe;resx;tiff;tif;png;wav;mfcribbon-ms</Extensions>
    </Filter>
    <Filter Include="Source Files\src">
      <UniqueIdentifier>{fff45026-2208-41b0-bfd3-7f6cd6807e94}</UniqueIdentifier>
    </Filter>
    <Filter Include="Source Files\src\gui">
      <UniqueIdentifier>{0db083dd-20e0-422c-a60e-44a2a1302300}</UniqueIdentifier>
    </Filter>
    <Filter Include="Header Files\include">
      <UniqueIdentifier>{45500423-cff9-4aea-8351-d61020ba10bf}</UniqueIdentifier>
    </Filter>
    <Filter Include="Header Files\include\gui">
      <UniqueIdentifier>{7b9d63ea-c439-45ef-8149-0c57edea35ba}</UniqueIdentifier>
    </Filter>
    <Filter Include="Assets">
      <UniqueIdentifier>{a1b2c3d4-e5f6-7890-abcd-ef1234567890}</UniqueIdentifier>
    </Filter>
    <Filter Include="Data Files">
      <UniqueIdentifier>{b2c3d4e5-f6g7-8901-bcde-f23456789012}</UniqueIdentifier>
    </Filter>
  </ItemGroup>
  <ItemGroup>
    <ClInclude Include="framework.h">
      <Filter>Header Files</Filter>
    </ClInclude>
    <ClInclude Include="targetver.h">
      <Filter>Header Files</Filter>
    </ClInclude>
    <ClInclude Include="Resource.h">
      <Filter>Header Files</Filter>
    </ClInclude>
    <ClInclude Include="WindowsProject1.h">
      <Filter>Header Files</Filter>
    </ClInclude>
    <ClInclude Include="core.h">
      <Filter>Header Files\include</Filter>
    </ClInclude>
    <ClInclude Include="utils.h">
      <Filter>Header Files\include</Filter>
    </ClInclude>
    <ClInclude Include="MainWindow.h">
      <Filter>Header Files\include\gui</Filter>
    </ClInclude>
    <ClInclude Include="include\gui\LogSignWindow.h">
      <Filter>Header Files\include\gui</Filter>
    </ClInclude>
    <ClInclude Include="include\gui\CustomerWindow.h">
      <Filter>Header Files\include\gui</Filter>
    </ClInclude>
    <ClInclude Include="include\gui\MovieInventoryWindow.h">
      <Filter>Header Files\include\gui</Filter>
    </ClInclude>
    <ClInclude Include="RentWindow.h">
      <Filter>Header Files\include\gui</Filter>
    </ClInclude>
    <ClInclude Include="SearchWindow.h">
      <Filter>Header Files\include\gui</Filter>
    </ClInclude>
    <ClInclude Include="include\gui\UserMenuWindow.h">
      <Filter>Header Files\include\gui</Filter>
    </ClInclude>
    <ClInclude Include="ReturnWindow.h">
      <Filter>Header Files\include\gui</Filter>
    </ClInclude>
    <ClInclude Include="CurrentRentalsWindow.h">
      <Filter>Header Files\include\gui</Filter>
    </ClInclude>
    <ClInclude Include="HistoryWindow.h">
      <Filter>Header Files\include\gui</Filter>
    </ClInclude>
    <ClInclude Include="ReceiptDialog.h">
      <Filter>Header Files\include\gui</Filter>
    </ClInclude>
  </ItemGroup>
  <ItemGroup>
    <ClCompile Include="utils.cpp">
      <Filter>Source Files\src</Filter>
    </ClCompile>
    <ClCompile Include="main.cpp">
      <Filter>Source Files</Filter>
    </ClCompile>
    <ClCompile Include="WindowsProject1.cpp">
      <Filter>Source Files</Filter>
    </ClCompile>
    <ClCompile Include="core.cpp">
      <Filter>Source Files\src</Filter>
    </ClCompile>
    <ClCompile Include="MainWindow.cpp">
      <Filter>Source Files\src\gui</Filter>
    </ClCompile>
    <ClCompile Include="src\gui\LogSignWindow.cpp">
      <Filter>Source Files\src\gui</Filter>
    </ClCompile>
    <ClCompile Include="src\gui\CustomerWindow.cpp">
      <Filter>Source Files\src\gui</Filter>
    </ClCompile>
    <ClCompile Include="src\gui\MovieInventoryWindow.cpp">
      <Filter>Source Files\src\gui</Filter>
    </ClCompile>
    <ClCompile Include="RentWindow.cpp">
      <Filter>Source Files\src\gui</Filter>
    </ClCompile>
    <ClCompile Include="SearchWindow.cpp">
      <Filter>Source Files\src\gui</Filter>
    </ClCompile>
    <ClCompile Include="src\gui\UserMenuWindow.cpp">
      <Filter>Source Files\src\gui</Filter>
    </ClCompile>
    <ClCompile Include="ReturnWindow.cpp">
      <Filter>Source Files\src\gui</Filter>
    </ClCompile>
    <ClCompile Include="CurrentRentalsWindow.cpp">
      <Filter>Source Files\src\gui</Filter>
    </ClCompile>
    <ClCompile Include="HistoryWindow.cpp">
      <Filter>Source Files\src\gui</Filter>
    </ClCompile>
    <ClCompile Include="ReceiptDialog.cpp">
      <Filter>Source Files\src\gui</Filter>
    </ClCompile>
  </ItemGroup>
  <ItemGroup>
    <ResourceCompile Include="WindowsProject1.rc">
      <Filter>Resource Files</Filter>
    </ResourceCompile>
  </ItemGroup>
  <ItemGroup>
    <Image Include="small.ico">
      <Filter>Resource Files</Filter>
    </Image>
    <Image Include="WindowsProject1.ico">
      <Filter>Resource Files</Filter>
    </Image>
  </ItemGroup>
  <ItemGroup>
    <None Include="RENT_RETURN_GUIDE.md" />
  </ItemGroup>
  <ItemGroup>
    <Content Include="assets\**">
      <Filter>Assets</Filter>
    </Content>
  </ItemGroup>
  <ItemGroup>
    <None Include="movies.json" Condition="Exists('movies.json')">
      <Filter>Data Files</Filter>
    </None>
    <None Include="movies.txt" Condition="Exists('movies.txt')">
      <Filter>Data Files</Filter>
    </None>
  </ItemGroup>
</Project>